
Microsoft Visual Studio Solution File, Format Version 12.00
# Visual Studio Version 17
VisualStudioVersion = 17.13.35919.96
MinimumVisualStudioVersion = 10.0.40219.1
Project("{2150E333-8FDC-42A3-9474-1A3956D46DE8}") = "Services", "Services", "{02EA681E-C7D8-13C7-8484-4AC65E1B71E8}"
EndProject
Project("{2150E333-8FDC-42A3-9474-1A3956D46DE8}") = "SharedServices", "SharedServices", "{735EBFB9-F64B-42D3-ACDF-212D2BB8B724}"
EndProject
Project("{9A19103F-16F7-4668-BE54-9A1E7A4F7556}") = "SharedServices.API", "Services\SharedServices\SharedServices.API\SharedServices.API.csproj", "{027AB6A9-5C6D-4772-8D98-1BAC9E026FB8}"
EndProject
Project("{9A19103F-16F7-4668-BE54-9A1E7A4F7556}") = "SharedServices.Application", "Services\SharedServices\SharedServices.Application\SharedServices.Application.csproj", "{4CE1EBB7-A1F6-4C83-86DD-D382E53A4087}"
EndProject
Project("{9A19103F-16F7-4668-BE54-9A1E7A4F7556}") = "SharedServices.Infrastructure", "Services\SharedServices\SharedServices.Infrastructure\SharedServices.Infrastructure.csproj", "{1557D115-060B-42EC-8B0A-1DA629F85BF5}"
EndProject
Project("{9A19103F-16F7-4668-BE54-9A1E7A4F7556}") = "SharedServices.Core", "Services\SharedServices\SharedServices.Core\SharedServices.Core.csproj", "{854F4C5A-61D2-4869-8A48-483E35781AB1}"
EndProject
Project("{2150E333-8FDC-42A3-9474-1A3956D46DE8}") = "Inventory", "Inventory", "{5E189DC3-17F7-46BE-A87D-3C30E8612748}"
EndProject
Project("{2150E333-8FDC-42A3-9474-1A3956D46DE8}") = "gateway", "gateway", "{6A2B47DE-76EE-4428-B6A1-5205048CC4CC}"
EndProject
Project("{9A19103F-16F7-4668-BE54-9A1E7A4F7556}") = "OcelotGateway", "OcelotGateway\OcelotGateway.csproj", "{65D3D049-51E8-4E47-9DF1-90C79B95B1F5}"
EndProject
Project("{2150E333-8FDC-42A3-9474-1A3956D46DE8}") = "BuildingBlocks", "BuildingBlocks", "{7B5EC99F-460B-4C15-8B57-50DFF03FE616}"
EndProject
Project("{9A19103F-16F7-4668-BE54-9A1E7A4F7556}") = "CoreUtilities", "CoreUtilities\CoreUtilities.csproj", "{5DCABD44-67BE-48FE-B7BB-43938EC7B097}"
EndProject
Project("{9A19103F-16F7-4668-BE54-9A1E7A4F7556}") = "Shared", "Shared\Shared.csproj", "{69BF025C-39AA-465C-9864-056BC15ECDBC}"
EndProject
Project("{9A19103F-16F7-4668-BE54-9A1E7A4F7556}") = "ApiAbstractions", "ApiAbstractions\ApiAbstractions.csproj", "{01567826-7607-4BE1-8377-E0F2D4EF6D09}"
EndProject
Project("{2150E333-8FDC-42A3-9474-1A3956D46DE8}") = "EmailService", "EmailService", "{35E8A62B-D7E5-48DB-A715-EAB56335D026}"
EndProject
Project("{9A19103F-16F7-4668-BE54-9A1E7A4F7556}") = "EmailService", "EmailService\EmailService.csproj", "{8FD18157-6189-45FE-8D95-ECAE7BFA2840}"
EndProject
Project("{2150E333-8FDC-42A3-9474-1A3956D46DE8}") = "Solution Items", "Solution Items", "{F5C36A98-534F-46F7-B21C-780F6DC73BD0}"
EndProject
Project("{2150E333-8FDC-42A3-9474-1A3956D46DE8}") = "Demo", "Demo", "{0EF5BC72-7A91-4742-8FFE-DCD02234FCEA}"
EndProject
Project("{FAE04EC0-301F-11D3-BF4B-00C04F79EFBC}") = "Demo", "Demo\Demo.csproj", "{2B77906B-7B9D-44C5-95DD-DBA8771448FC}"
EndProject
Global
	GlobalSection(SolutionConfigurationPlatforms) = preSolution
		Debug|Any CPU = Debug|Any CPU
		Release|Any CPU = Release|Any CPU
	EndGlobalSection
	GlobalSection(ProjectConfigurationPlatforms) = postSolution
		{027AB6A9-5C6D-4772-8D98-1BAC9E026FB8}.Debug|Any CPU.ActiveCfg = Debug|Any CPU
		{027AB6A9-5C6D-4772-8D98-1BAC9E026FB8}.Debug|Any CPU.Build.0 = Debug|Any CPU
		{027AB6A9-5C6D-4772-8D98-1BAC9E026FB8}.Release|Any CPU.ActiveCfg = Release|Any CPU
		{027AB6A9-5C6D-4772-8D98-1BAC9E026FB8}.Release|Any CPU.Build.0 = Release|Any CPU
		{4CE1EBB7-A1F6-4C83-86DD-D382E53A4087}.Debug|Any CPU.ActiveCfg = Debug|Any CPU
		{4CE1EBB7-A1F6-4C83-86DD-D382E53A4087}.Debug|Any CPU.Build.0 = Debug|Any CPU
		{4CE1EBB7-A1F6-4C83-86DD-D382E53A4087}.Release|Any CPU.ActiveCfg = Release|Any CPU
		{4CE1EBB7-A1F6-4C83-86DD-D382E53A4087}.Release|Any CPU.Build.0 = Release|Any CPU
		{1557D115-060B-42EC-8B0A-1DA629F85BF5}.Debug|Any CPU.ActiveCfg = Debug|Any CPU
		{1557D115-060B-42EC-8B0A-1DA629F85BF5}.Debug|Any CPU.Build.0 = Debug|Any CPU
		{1557D115-060B-42EC-8B0A-1DA629F85BF5}.Release|Any CPU.ActiveCfg = Release|Any CPU
		{1557D115-060B-42EC-8B0A-1DA629F85BF5}.Release|Any CPU.Build.0 = Release|Any CPU
		{854F4C5A-61D2-4869-8A48-483E35781AB1}.Debug|Any CPU.ActiveCfg = Debug|Any CPU
		{854F4C5A-61D2-4869-8A48-483E35781AB1}.Debug|Any CPU.Build.0 = Debug|Any CPU
		{854F4C5A-61D2-4869-8A48-483E35781AB1}.Release|Any CPU.ActiveCfg = Release|Any CPU
		{854F4C5A-61D2-4869-8A48-483E35781AB1}.Release|Any CPU.Build.0 = Release|Any CPU
		{65D3D049-51E8-4E47-9DF1-90C79B95B1F5}.Debug|Any CPU.ActiveCfg = Debug|Any CPU
		{65D3D049-51E8-4E47-9DF1-90C79B95B1F5}.Debug|Any CPU.Build.0 = Debug|Any CPU
		{65D3D049-51E8-4E47-9DF1-90C79B95B1F5}.Release|Any CPU.ActiveCfg = Release|Any CPU
		{65D3D049-51E8-4E47-9DF1-90C79B95B1F5}.Release|Any CPU.Build.0 = Release|Any CPU
		{5DCABD44-67BE-48FE-B7BB-43938EC7B097}.Debug|Any CPU.ActiveCfg = Debug|Any CPU
		{5DCABD44-67BE-48FE-B7BB-43938EC7B097}.Debug|Any CPU.Build.0 = Debug|Any CPU
		{5DCABD44-67BE-48FE-B7BB-43938EC7B097}.Release|Any CPU.ActiveCfg = Release|Any CPU
		{5DCABD44-67BE-48FE-B7BB-43938EC7B097}.Release|Any CPU.Build.0 = Release|Any CPU
		{69BF025C-39AA-465C-9864-056BC15ECDBC}.Debug|Any CPU.ActiveCfg = Debug|Any CPU
		{69BF025C-39AA-465C-9864-056BC15ECDBC}.Debug|Any CPU.Build.0 = Debug|Any CPU
		{69BF025C-39AA-465C-9864-056BC15ECDBC}.Release|Any CPU.ActiveCfg = Release|Any CPU
		{69BF025C-39AA-465C-9864-056BC15ECDBC}.Release|Any CPU.Build.0 = Release|Any CPU
		{01567826-7607-4BE1-8377-E0F2D4EF6D09}.Debug|Any CPU.ActiveCfg = Debug|Any CPU
		{01567826-7607-4BE1-8377-E0F2D4EF6D09}.Debug|Any CPU.Build.0 = Debug|Any CPU
		{01567826-7607-4BE1-8377-E0F2D4EF6D09}.Release|Any CPU.ActiveCfg = Release|Any CPU
		{01567826-7607-4BE1-8377-E0F2D4EF6D09}.Release|Any CPU.Build.0 = Release|Any CPU
		{8FD18157-6189-45FE-8D95-ECAE7BFA2840}.Debug|Any CPU.ActiveCfg = Debug|Any CPU
		{8FD18157-6189-45FE-8D95-ECAE7BFA2840}.Debug|Any CPU.Build.0 = Debug|Any CPU
		{8FD18157-6189-45FE-8D95-ECAE7BFA2840}.Release|Any CPU.ActiveCfg = Release|Any CPU
		{8FD18157-6189-45FE-8D95-ECAE7BFA2840}.Release|Any CPU.Build.0 = Release|Any CPU
		{2B77906B-7B9D-44C5-95DD-DBA8771448FC}.Debug|Any CPU.ActiveCfg = Debug|Any CPU
		{2B77906B-7B9D-44C5-95DD-DBA8771448FC}.Debug|Any CPU.Build.0 = Debug|Any CPU
		{2B77906B-7B9D-44C5-95DD-DBA8771448FC}.Release|Any CPU.ActiveCfg = Release|Any CPU
		{2B77906B-7B9D-44C5-95DD-DBA8771448FC}.Release|Any CPU.Build.0 = Release|Any CPU
	EndGlobalSection
	GlobalSection(SolutionProperties) = preSolution
		HideSolutionNode = FALSE
	EndGlobalSection
	GlobalSection(NestedProjects) = preSolution
		{735EBFB9-F64B-42D3-ACDF-212D2BB8B724} = {02EA681E-C7D8-13C7-8484-4AC65E1B71E8}
		{027AB6A9-5C6D-4772-8D98-1BAC9E026FB8} = {735EBFB9-F64B-42D3-ACDF-212D2BB8B724}
		{4CE1EBB7-A1F6-4C83-86DD-D382E53A4087} = {735EBFB9-F64B-42D3-ACDF-212D2BB8B724}
		{1557D115-060B-42EC-8B0A-1DA629F85BF5} = {735EBFB9-F64B-42D3-ACDF-212D2BB8B724}
		{854F4C5A-61D2-4869-8A48-483E35781AB1} = {735EBFB9-F64B-42D3-ACDF-212D2BB8B724}
		{5E189DC3-17F7-46BE-A87D-3C30E8612748} = {02EA681E-C7D8-13C7-8484-4AC65E1B71E8}
		{65D3D049-51E8-4E47-9DF1-90C79B95B1F5} = {6A2B47DE-76EE-4428-B6A1-5205048CC4CC}
		{5DCABD44-67BE-48FE-B7BB-43938EC7B097} = {7B5EC99F-460B-4C15-8B57-50DFF03FE616}
		{69BF025C-39AA-465C-9864-056BC15ECDBC} = {7B5EC99F-460B-4C15-8B57-50DFF03FE616}
		{01567826-7607-4BE1-8377-E0F2D4EF6D09} = {7B5EC99F-460B-4C15-8B57-50DFF03FE616}
		{35E8A62B-D7E5-48DB-A715-EAB56335D026} = {02EA681E-C7D8-13C7-8484-4AC65E1B71E8}
		{8FD18157-6189-45FE-8D95-ECAE7BFA2840} = {35E8A62B-D7E5-48DB-A715-EAB56335D026}
		{2B77906B-7B9D-44C5-95DD-DBA8771448FC} = {0EF5BC72-7A91-4742-8FFE-DCD02234FCEA}
	EndGlobalSection
	GlobalSection(ExtensibilityGlobals) = postSolution
		SolutionGuid = {EFC238F3-1A20-4F2F-8860-7A2A72885C81}
	EndGlobalSection
EndGlobal
